// !$*UTF8*$!
{
	archiveVersion = 1;
	classes = {
	};
	objectVersion = 46;
	objects = {

/* Begin PBXBuildFile section */
		1F21CF351E260AC7009A9767 /* MapViewController.swift.bak.swift in Sources */ = {isa = PBXBuildFile; fileRef = 1F21CF341E260AC7009A9767 /* MapViewController.swift.bak.swift */; };
		1F21CF371E262EEB009A9767 /* NewMapViewController.swift in Sources */ = {isa = PBXBuildFile; fileRef = 1F21CF361E262EEB009A9767 /* NewMapViewController.swift */; };
		491A0CC225E12C748D0A9CD9 /* libPods-Have_to_go_home.a in Frameworks */ = {isa = PBXBuildFile; fileRef = 0C6E38B6A5CA727EE4096508 /* libPods-Have_to_go_home.a */; };
		4C0016491E1C99470081C5E4 /* DetailPathViewController.swift in Sources */ = {isa = PBXBuildFile; fileRef = 4C0016481E1C99470081C5E4 /* DetailPathViewController.swift */; };
		4C226F841E23AC1D00B148D9 /* Montserrat-Regular.ttf in Resources */ = {isa = PBXBuildFile; fileRef = 4C226F831E23AC1D00B148D9 /* Montserrat-Regular.ttf */; };
		4C28A0051E421DCD00D1481C /* NonEditTextField.swift in Sources */ = {isa = PBXBuildFile; fileRef = 4C28A0041E421DCD00D1481C /* NonEditTextField.swift */; };
		4C8900191E24A7F400B91B4A /* Montserrat-Bold.ttf in Resources */ = {isa = PBXBuildFile; fileRef = 4C8900181E24A7F400B91B4A /* Montserrat-Bold.ttf */; };
		4C89001B1E27577300B91B4A /* CardPathViewController.swift in Sources */ = {isa = PBXBuildFile; fileRef = 4C89001A1E27577300B91B4A /* CardPathViewController.swift */; };
		4C89001D1E275D0000B91B4A /* PathItem.swift in Sources */ = {isa = PBXBuildFile; fileRef = 4C89001C1E275D0000B91B4A /* PathItem.swift */; };
		4C89001F1E27649200B91B4A /* PathItemViewCell.swift in Sources */ = {isa = PBXBuildFile; fileRef = 4C89001E1E27649200B91B4A /* PathItemViewCell.swift */; };
		4C8FCFAE1DE018F600B5C75B /* AppDelegate.swift in Sources */ = {isa = PBXBuildFile; fileRef = 4C8FCFAD1DE018F600B5C75B /* AppDelegate.swift */; };
		4C8FCFB01DE018F600B5C75B /* MainViewController.swift in Sources */ = {isa = PBXBuildFile; fileRef = 4C8FCFAF1DE018F600B5C75B /* MainViewController.swift */; };
		4C8FCFB31DE018F600B5C75B /* Main.storyboard in Resources */ = {isa = PBXBuildFile; fileRef = 4C8FCFB11DE018F600B5C75B /* Main.storyboard */; };
		4C8FCFB61DE018F600B5C75B /* Have_to_go_home.xcdatamodeld in Sources */ = {isa = PBXBuildFile; fileRef = 4C8FCFB41DE018F600B5C75B /* Have_to_go_home.xcdatamodeld */; };
		4C8FCFB81DE018F600B5C75B /* Assets.xcassets in Resources */ = {isa = PBXBuildFile; fileRef = 4C8FCFB71DE018F600B5C75B /* Assets.xcassets */; };
		4C8FCFBB1DE018F600B5C75B /* LaunchScreen.storyboard in Resources */ = {isa = PBXBuildFile; fileRef = 4C8FCFB91DE018F600B5C75B /* LaunchScreen.storyboard */; };
		4C8FCFC61DE018F600B5C75B /* Have_to_go_homeTests.swift in Sources */ = {isa = PBXBuildFile; fileRef = 4C8FCFC51DE018F600B5C75B /* Have_to_go_homeTests.swift */; };
		4C8FCFE41DE02EF300B5C75B /* SettingViewController.swift in Sources */ = {isa = PBXBuildFile; fileRef = 4C8FCFE31DE02EF300B5C75B /* SettingViewController.swift */; };
		4CCA2EF81E1E3DC600C61464 /* LocationSearchTable.swift in Sources */ = {isa = PBXBuildFile; fileRef = 4CCA2EF71E1E3DC600C61464 /* LocationSearchTable.swift */; };
		4CF710301DE08EEA00520864 /* MapViewController.swift in Sources */ = {isa = PBXBuildFile; fileRef = 4CF7102F1DE08EEA00520864 /* MapViewController.swift */; };
		4CF710341DE09F0600520864 /* DrawMainGraphic.swift in Sources */ = {isa = PBXBuildFile; fileRef = 4CF710331DE09F0600520864 /* DrawMainGraphic.swift */; };
		4CF710361DE0C6DC00520864 /* MapPathViewController.swift in Sources */ = {isa = PBXBuildFile; fileRef = 4CF710351DE0C6DC00520864 /* MapPathViewController.swift */; };
		4CF710391DE0CB3D00520864 /* goHomeAlarm.swift in Sources */ = {isa = PBXBuildFile; fileRef = 4CF710371DE0CB3D00520864 /* goHomeAlarm.swift */; };
		4CF7103A1DE0CB3D00520864 /* loadToHomeParser.swift in Sources */ = {isa = PBXBuildFile; fileRef = 4CF710381DE0CB3D00520864 /* loadToHomeParser.swift */; };
		4CF7103D1DE0D51200520864 /* CoreLocation.framework in Frameworks */ = {isa = PBXBuildFile; fileRef = 4CF7103C1DE0D51200520864 /* CoreLocation.framework */; };
		4CF7103F1DE1049300520864 /* FailViewController.swift in Sources */ = {isa = PBXBuildFile; fileRef = 4CF7103E1DE1049300520864 /* FailViewController.swift */; };
		4CF710411DE116BB00520864 /* MapKit.framework in Frameworks */ = {isa = PBXBuildFile; fileRef = 4CF710401DE116BB00520864 /* MapKit.framework */; };
		4CF710431DE14D5100520864 /* uicolorExtend.swift in Sources */ = {isa = PBXBuildFile; fileRef = 4CF710421DE14D5100520864 /* uicolorExtend.swift */; };
/* End PBXBuildFile section */

/* Begin PBXContainerItemProxy section */
		4C8FCFC21DE018F600B5C75B /* PBXContainerItemProxy */ = {
			isa = PBXContainerItemProxy;
			containerPortal = 4C8FCFA21DE018F600B5C75B /* Project object */;
			proxyType = 1;
			remoteGlobalIDString = 4C8FCFA91DE018F600B5C75B;
			remoteInfo = Have_to_go_home;
		};
/* End PBXContainerItemProxy section */

/* Begin PBXFileReference section */
		0C6E38B6A5CA727EE4096508 /* libPods-Have_to_go_home.a */ = {isa = PBXFileReference; explicitFileType = archive.ar; includeInIndex = 0; path = "libPods-Have_to_go_home.a"; sourceTree = BUILT_PRODUCTS_DIR; };
		1F21CF341E260AC7009A9767 /* MapViewController.swift.bak.swift */ = {isa = PBXFileReference; fileEncoding = 4; lastKnownFileType = sourcecode.swift; path = MapViewController.swift.bak.swift; sourceTree = "<group>"; };
		1F21CF361E262EEB009A9767 /* NewMapViewController.swift */ = {isa = PBXFileReference; fileEncoding = 4; lastKnownFileType = sourcecode.swift; path = NewMapViewController.swift; sourceTree = "<group>"; };
		1F8C404A712EBDDF74D1D584 /* Pods-Have_to_go_home.debug.xcconfig */ = {isa = PBXFileReference; includeInIndex = 1; lastKnownFileType = text.xcconfig; name = "Pods-Have_to_go_home.debug.xcconfig"; path = "Pods/Target Support Files/Pods-Have_to_go_home/Pods-Have_to_go_home.debug.xcconfig"; sourceTree = "<group>"; };
		4C0016481E1C99470081C5E4 /* DetailPathViewController.swift */ = {isa = PBXFileReference; fileEncoding = 4; lastKnownFileType = sourcecode.swift; path = DetailPathViewController.swift; sourceTree = "<group>"; };
		4C226F831E23AC1D00B148D9 /* Montserrat-Regular.ttf */ = {isa = PBXFileReference; lastKnownFileType = file; path = "Montserrat-Regular.ttf"; sourceTree = "<group>"; };
		4C28A0041E421DCD00D1481C /* NonEditTextField.swift */ = {isa = PBXFileReference; fileEncoding = 4; lastKnownFileType = sourcecode.swift; path = NonEditTextField.swift; sourceTree = "<group>"; };
		4C8900181E24A7F400B91B4A /* Montserrat-Bold.ttf */ = {isa = PBXFileReference; lastKnownFileType = file; path = "Montserrat-Bold.ttf"; sourceTree = "<group>"; };
		4C89001A1E27577300B91B4A /* CardPathViewController.swift */ = {isa = PBXFileReference; fileEncoding = 4; lastKnownFileType = sourcecode.swift; path = CardPathViewController.swift; sourceTree = "<group>"; };
		4C89001C1E275D0000B91B4A /* PathItem.swift */ = {isa = PBXFileReference; fileEncoding = 4; lastKnownFileType = sourcecode.swift; path = PathItem.swift; sourceTree = "<group>"; };
		4C89001E1E27649200B91B4A /* PathItemViewCell.swift */ = {isa = PBXFileReference; fileEncoding = 4; lastKnownFileType = sourcecode.swift; path = PathItemViewCell.swift; sourceTree = "<group>"; };
		4C8FCFAA1DE018F600B5C75B /* Have_to_go_home.app */ = {isa = PBXFileReference; explicitFileType = wrapper.application; includeInIndex = 0; path = Have_to_go_home.app; sourceTree = BUILT_PRODUCTS_DIR; };
		4C8FCFAD1DE018F600B5C75B /* AppDelegate.swift */ = {isa = PBXFileReference; lastKnownFileType = sourcecode.swift; path = AppDelegate.swift; sourceTree = "<group>"; };
		4C8FCFAF1DE018F600B5C75B /* MainViewController.swift */ = {isa = PBXFileReference; lastKnownFileType = sourcecode.swift; path = MainViewController.swift; sourceTree = "<group>"; };
		4C8FCFB21DE018F600B5C75B /* Base */ = {isa = PBXFileReference; lastKnownFileType = file.storyboard; name = Base; path = Base.lproj/Main.storyboard; sourceTree = "<group>"; };
		4C8FCFB51DE018F600B5C75B /* Have_to_go_home.xcdatamodel */ = {isa = PBXFileReference; lastKnownFileType = wrapper.xcdatamodel; path = Have_to_go_home.xcdatamodel; sourceTree = "<group>"; };
		4C8FCFB71DE018F600B5C75B /* Assets.xcassets */ = {isa = PBXFileReference; lastKnownFileType = folder.assetcatalog; path = Assets.xcassets; sourceTree = "<group>"; };
		4C8FCFBA1DE018F600B5C75B /* Base */ = {isa = PBXFileReference; lastKnownFileType = file.storyboard; name = Base; path = Base.lproj/LaunchScreen.storyboard; sourceTree = "<group>"; };
		4C8FCFBC1DE018F600B5C75B /* Info.plist */ = {isa = PBXFileReference; lastKnownFileType = text.plist.xml; path = Info.plist; sourceTree = "<group>"; };
		4C8FCFC11DE018F600B5C75B /* Have_to_go_homeTests.xctest */ = {isa = PBXFileReference; explicitFileType = wrapper.cfbundle; includeInIndex = 0; path = Have_to_go_homeTests.xctest; sourceTree = BUILT_PRODUCTS_DIR; };
		4C8FCFC51DE018F600B5C75B /* Have_to_go_homeTests.swift */ = {isa = PBXFileReference; lastKnownFileType = sourcecode.swift; path = Have_to_go_homeTests.swift; sourceTree = "<group>"; };
		4C8FCFC71DE018F600B5C75B /* Info.plist */ = {isa = PBXFileReference; lastKnownFileType = text.plist.xml; path = Info.plist; sourceTree = "<group>"; };
		4C8FCFE31DE02EF300B5C75B /* SettingViewController.swift */ = {isa = PBXFileReference; fileEncoding = 4; lastKnownFileType = sourcecode.swift; path = SettingViewController.swift; sourceTree = "<group>"; };
		4CCA2EF71E1E3DC600C61464 /* LocationSearchTable.swift */ = {isa = PBXFileReference; fileEncoding = 4; lastKnownFileType = sourcecode.swift; path = LocationSearchTable.swift; sourceTree = "<group>"; };
		4CF7102F1DE08EEA00520864 /* MapViewController.swift */ = {isa = PBXFileReference; fileEncoding = 4; lastKnownFileType = sourcecode.swift; path = MapViewController.swift; sourceTree = "<group>"; };
		4CF710331DE09F0600520864 /* DrawMainGraphic.swift */ = {isa = PBXFileReference; fileEncoding = 4; lastKnownFileType = sourcecode.swift; path = DrawMainGraphic.swift; sourceTree = "<group>"; };
		4CF710351DE0C6DC00520864 /* MapPathViewController.swift */ = {isa = PBXFileReference; fileEncoding = 4; lastKnownFileType = sourcecode.swift; path = MapPathViewController.swift; sourceTree = "<group>"; };
		4CF710371DE0CB3D00520864 /* goHomeAlarm.swift */ = {isa = PBXFileReference; fileEncoding = 4; lastKnownFileType = sourcecode.swift; path = goHomeAlarm.swift; sourceTree = "<group>"; };
		4CF710381DE0CB3D00520864 /* loadToHomeParser.swift */ = {isa = PBXFileReference; fileEncoding = 4; lastKnownFileType = sourcecode.swift; path = loadToHomeParser.swift; sourceTree = "<group>"; };
		4CF7103C1DE0D51200520864 /* CoreLocation.framework */ = {isa = PBXFileReference; lastKnownFileType = wrapper.framework; name = CoreLocation.framework; path = System/Library/Frameworks/CoreLocation.framework; sourceTree = SDKROOT; };
		4CF7103E1DE1049300520864 /* FailViewController.swift */ = {isa = PBXFileReference; fileEncoding = 4; lastKnownFileType = sourcecode.swift; path = FailViewController.swift; sourceTree = "<group>"; };
		4CF710401DE116BB00520864 /* MapKit.framework */ = {isa = PBXFileReference; lastKnownFileType = wrapper.framework; name = MapKit.framework; path = System/Library/Frameworks/MapKit.framework; sourceTree = SDKROOT; };
		4CF710421DE14D5100520864 /* uicolorExtend.swift */ = {isa = PBXFileReference; fileEncoding = 4; lastKnownFileType = sourcecode.swift; path = uicolorExtend.swift; sourceTree = "<group>"; };
		897BA0BAF17A353CEF6705AB /* Pods-Have_to_go_home.release.xcconfig */ = {isa = PBXFileReference; includeInIndex = 1; lastKnownFileType = text.xcconfig; name = "Pods-Have_to_go_home.release.xcconfig"; path = "Pods/Target Support Files/Pods-Have_to_go_home/Pods-Have_to_go_home.release.xcconfig"; sourceTree = "<group>"; };
/* End PBXFileReference section */

/* Begin PBXFrameworksBuildPhase section */
		4C8FCFA71DE018F600B5C75B /* Frameworks */ = {
			isa = PBXFrameworksBuildPhase;
			buildActionMask = 2147483647;
			files = (
				4CF710411DE116BB00520864 /* MapKit.framework in Frameworks */,
				4CF7103D1DE0D51200520864 /* CoreLocation.framework in Frameworks */,
				491A0CC225E12C748D0A9CD9 /* libPods-Have_to_go_home.a in Frameworks */,
			);
			runOnlyForDeploymentPostprocessing = 0;
		};
		4C8FCFBE1DE018F600B5C75B /* Frameworks */ = {
			isa = PBXFrameworksBuildPhase;
			buildActionMask = 2147483647;
			files = (
			);
			runOnlyForDeploymentPostprocessing = 0;
		};
/* End PBXFrameworksBuildPhase section */

/* Begin PBXGroup section */
		0B16229496B5677DF9D3D9B7 /* Pods */ = {
			isa = PBXGroup;
			children = (
				1F8C404A712EBDDF74D1D584 /* Pods-Have_to_go_home.debug.xcconfig */,
				897BA0BAF17A353CEF6705AB /* Pods-Have_to_go_home.release.xcconfig */,
			);
			name = Pods;
			sourceTree = "<group>";
		};
		4C8FCFA11DE018F600B5C75B = {
			isa = PBXGroup;
			children = (
				4C8900181E24A7F400B91B4A /* Montserrat-Bold.ttf */,
				4C226F831E23AC1D00B148D9 /* Montserrat-Regular.ttf */,
				4C8FCFAC1DE018F600B5C75B /* Have_to_go_home */,
				4C8FCFC41DE018F600B5C75B /* Have_to_go_homeTests */,
				4C8FCFAB1DE018F600B5C75B /* Products */,
				4CF7103B1DE0D51200520864 /* Frameworks */,
				0B16229496B5677DF9D3D9B7 /* Pods */,
			);
			sourceTree = "<group>";
		};
		4C8FCFAB1DE018F600B5C75B /* Products */ = {
			isa = PBXGroup;
			children = (
				4C8FCFAA1DE018F600B5C75B /* Have_to_go_home.app */,
				4C8FCFC11DE018F600B5C75B /* Have_to_go_homeTests.xctest */,
			);
			name = Products;
			sourceTree = "<group>";
		};
		4C8FCFAC1DE018F600B5C75B /* Have_to_go_home */ = {
			isa = PBXGroup;
			children = (
				4C8FCFD51DE01C0100B5C75B /* ServiceImpl */,
				4C8FCFD41DE01BFB00B5C75B /* Service */,
				4C8FCFD31DE01BF400B5C75B /* Model */,
				4C8FCFD11DE01BE400B5C75B /* Controller */,
				4C8FCFAD1DE018F600B5C75B /* AppDelegate.swift */,
				4C8FCFB11DE018F600B5C75B /* Main.storyboard */,
				4C8FCFB71DE018F600B5C75B /* Assets.xcassets */,
				4C8FCFB91DE018F600B5C75B /* LaunchScreen.storyboard */,
				4C8FCFBC1DE018F600B5C75B /* Info.plist */,
				4C8FCFB41DE018F600B5C75B /* Have_to_go_home.xcdatamodeld */,
				4C28A0041E421DCD00D1481C /* NonEditTextField.swift */,
			);
			path = Have_to_go_home;
			sourceTree = "<group>";
		};
		4C8FCFC41DE018F600B5C75B /* Have_to_go_homeTests */ = {
			isa = PBXGroup;
			children = (
				4C8FCFC51DE018F600B5C75B /* Have_to_go_homeTests.swift */,
				4C8FCFC71DE018F600B5C75B /* Info.plist */,
			);
			path = Have_to_go_homeTests;
			sourceTree = "<group>";
		};
		4C8FCFD11DE01BE400B5C75B /* Controller */ = {
			isa = PBXGroup;
			children = (
				4C8FCFAF1DE018F600B5C75B /* MainViewController.swift */,
				4C89001A1E27577300B91B4A /* CardPathViewController.swift */,
				4C8FCFE31DE02EF300B5C75B /* SettingViewController.swift */,
				4CF7102F1DE08EEA00520864 /* MapViewController.swift */,
				1F21CF341E260AC7009A9767 /* MapViewController.swift.bak.swift */,
				4CF710351DE0C6DC00520864 /* MapPathViewController.swift */,
				4CF7103E1DE1049300520864 /* FailViewController.swift */,
				4C0016481E1C99470081C5E4 /* DetailPathViewController.swift */,
				1F21CF361E262EEB009A9767 /* NewMapViewController.swift */,
				4C89001E1E27649200B91B4A /* PathItemViewCell.swift */,
			);
			name = Controller;
			sourceTree = "<group>";
		};
		4C8FCFD31DE01BF400B5C75B /* Model */ = {
			isa = PBXGroup;
			children = (
				4CF710371DE0CB3D00520864 /* goHomeAlarm.swift */,
				4CF710381DE0CB3D00520864 /* loadToHomeParser.swift */,
				4CCA2EF71E1E3DC600C61464 /* LocationSearchTable.swift */,
				4C89001C1E275D0000B91B4A /* PathItem.swift */,
			);
			name = Model;
			sourceTree = "<group>";
		};
		4C8FCFD41DE01BFB00B5C75B /* Service */ = {
			isa = PBXGroup;
			children = (
				4CF710331DE09F0600520864 /* DrawMainGraphic.swift */,
				4CF710421DE14D5100520864 /* uicolorExtend.swift */,
			);
			name = Service;
			sourceTree = "<group>";
		};
		4C8FCFD51DE01C0100B5C75B /* ServiceImpl */ = {
			isa = PBXGroup;
			children = (
			);
			name = ServiceImpl;
			sourceTree = "<group>";
		};
		4CF7103B1DE0D51200520864 /* Frameworks */ = {
			isa = PBXGroup;
			children = (
				4CF710401DE116BB00520864 /* MapKit.framework */,
				4CF7103C1DE0D51200520864 /* CoreLocation.framework */,
				0C6E38B6A5CA727EE4096508 /* libPods-Have_to_go_home.a */,
			);
			name = Frameworks;
			sourceTree = "<group>";
		};
/* End PBXGroup section */

/* Begin PBXNativeTarget section */
		4C8FCFA91DE018F600B5C75B /* Have_to_go_home */ = {
			isa = PBXNativeTarget;
			buildConfigurationList = 4C8FCFCA1DE018F600B5C75B /* Build configuration list for PBXNativeTarget "Have_to_go_home" */;
			buildPhases = (
				4430078E3F0F6059AF6D1790 /* [CP] Check Pods Manifest.lock */,
				4C8FCFA61DE018F600B5C75B /* Sources */,
				4C8FCFA71DE018F600B5C75B /* Frameworks */,
				4C8FCFA81DE018F600B5C75B /* Resources */,
				1EFE8132BF79966CF124A669 /* [CP] Embed Pods Frameworks */,
				FD25A29B0BFE597206482066 /* [CP] Copy Pods Resources */,
			);
			buildRules = (
			);
			dependencies = (
			);
			name = Have_to_go_home;
			productName = Have_to_go_home;
			productReference = 4C8FCFAA1DE018F600B5C75B /* Have_to_go_home.app */;
			productType = "com.apple.product-type.application";
		};
		4C8FCFC01DE018F600B5C75B /* Have_to_go_homeTests */ = {
			isa = PBXNativeTarget;
			buildConfigurationList = 4C8FCFCD1DE018F600B5C75B /* Build configuration list for PBXNativeTarget "Have_to_go_homeTests" */;
			buildPhases = (
				4C8FCFBD1DE018F600B5C75B /* Sources */,
				4C8FCFBE1DE018F600B5C75B /* Frameworks */,
				4C8FCFBF1DE018F600B5C75B /* Resources */,
			);
			buildRules = (
			);
			dependencies = (
				4C8FCFC31DE018F600B5C75B /* PBXTargetDependency */,
			);
			name = Have_to_go_homeTests;
			productName = Have_to_go_homeTests;
			productReference = 4C8FCFC11DE018F600B5C75B /* Have_to_go_homeTests.xctest */;
			productType = "com.apple.product-type.bundle.unit-test";
		};
/* End PBXNativeTarget section */

/* Begin PBXProject section */
		4C8FCFA21DE018F600B5C75B /* Project object */ = {
			isa = PBXProject;
			attributes = {
				LastSwiftUpdateCheck = 0810;
				LastUpgradeCheck = 0820;
				ORGANIZATIONNAME = "유정우";
				TargetAttributes = {
					4C8FCFA91DE018F600B5C75B = {
						CreatedOnToolsVersion = 8.1;
						DevelopmentTeam = 2U8WP57VU8;
						ProvisioningStyle = Automatic;
					};
					4C8FCFC01DE018F600B5C75B = {
						CreatedOnToolsVersion = 8.1;
						ProvisioningStyle = Automatic;
						TestTargetID = 4C8FCFA91DE018F600B5C75B;
					};
				};
			};
			buildConfigurationList = 4C8FCFA51DE018F600B5C75B /* Build configuration list for PBXProject "Have_to_go_home" */;
			compatibilityVersion = "Xcode 3.2";
			developmentRegion = English;
			hasScannedForEncodings = 0;
			knownRegions = (
				en,
				Base,
			);
			mainGroup = 4C8FCFA11DE018F600B5C75B;
			productRefGroup = 4C8FCFAB1DE018F600B5C75B /* Products */;
			projectDirPath = "";
			projectRoot = "";
			targets = (
				4C8FCFA91DE018F600B5C75B /* Have_to_go_home */,
				4C8FCFC01DE018F600B5C75B /* Have_to_go_homeTests */,
			);
		};
/* End PBXProject section */

/* Begin PBXResourcesBuildPhase section */
		4C8FCFA81DE018F600B5C75B /* Resources */ = {
			isa = PBXResourcesBuildPhase;
			buildActionMask = 2147483647;
			files = (
				4C8900191E24A7F400B91B4A /* Montserrat-Bold.ttf in Resources */,
				4C226F841E23AC1D00B148D9 /* Montserrat-Regular.ttf in Resources */,
				4C8FCFBB1DE018F600B5C75B /* LaunchScreen.storyboard in Resources */,
				4C8FCFB81DE018F600B5C75B /* Assets.xcassets in Resources */,
				4C8FCFB31DE018F600B5C75B /* Main.storyboard in Resources */,
			);
			runOnlyForDeploymentPostprocessing = 0;
		};
		4C8FCFBF1DE018F600B5C75B /* Resources */ = {
			isa = PBXResourcesBuildPhase;
			buildActionMask = 2147483647;
			files = (
			);
			runOnlyForDeploymentPostprocessing = 0;
		};
/* End PBXResourcesBuildPhase section */

/* Begin PBXShellScriptBuildPhase section */
		1EFE8132BF79966CF124A669 /* [CP] Embed Pods Frameworks */ = {
			isa = PBXShellScriptBuildPhase;
			buildActionMask = 2147483647;
			files = (
			);
			inputPaths = (
			);
			name = "[CP] Embed Pods Frameworks";
			outputPaths = (
			);
			runOnlyForDeploymentPostprocessing = 0;
			shellPath = /bin/sh;
			shellScript = "\"${SRCROOT}/Pods/Target Support Files/Pods-Have_to_go_home/Pods-Have_to_go_home-frameworks.sh\"\n";
			showEnvVarsInLog = 0;
		};
		4430078E3F0F6059AF6D1790 /* [CP] Check Pods Manifest.lock */ = {
			isa = PBXShellScriptBuildPhase;
			buildActionMask = 2147483647;
			files = (
			);
			inputPaths = (
			);
			name = "[CP] Check Pods Manifest.lock";
			outputPaths = (
			);
			runOnlyForDeploymentPostprocessing = 0;
			shellPath = /bin/sh;
			shellScript = "diff \"${PODS_ROOT}/../Podfile.lock\" \"${PODS_ROOT}/Manifest.lock\" > /dev/null\nif [ $? != 0 ] ; then\n    # print error to STDERR\n    echo \"error: The sandbox is not in sync with the Podfile.lock. Run 'pod install' or update your CocoaPods installation.\" >&2\n    exit 1\nfi\n";
			showEnvVarsInLog = 0;
		};
		FD25A29B0BFE597206482066 /* [CP] Copy Pods Resources */ = {
			isa = PBXShellScriptBuildPhase;
			buildActionMask = 2147483647;
			files = (
			);
			inputPaths = (
			);
			name = "[CP] Copy Pods Resources";
			outputPaths = (
			);
			runOnlyForDeploymentPostprocessing = 0;
			shellPath = /bin/sh;
			shellScript = "\"${SRCROOT}/Pods/Target Support Files/Pods-Have_to_go_home/Pods-Have_to_go_home-resources.sh\"\n";
			showEnvVarsInLog = 0;
		};
/* End PBXShellScriptBuildPhase section */

/* Begin PBXSourcesBuildPhase section */
		4C8FCFA61DE018F600B5C75B /* Sources */ = {
			isa = PBXSourcesBuildPhase;
			buildActionMask = 2147483647;
			files = (
				4CF7103A1DE0CB3D00520864 /* loadToHomeParser.swift in Sources */,
				4CF710361DE0C6DC00520864 /* MapPathViewController.swift in Sources */,
				4CF710341DE09F0600520864 /* DrawMainGraphic.swift in Sources */,
				4C89001F1E27649200B91B4A /* PathItemViewCell.swift in Sources */,
				4C8FCFB01DE018F600B5C75B /* MainViewController.swift in Sources */,
				4C89001D1E275D0000B91B4A /* PathItem.swift in Sources */,
				4C28A0051E421DCD00D1481C /* NonEditTextField.swift in Sources */,
				4C8FCFAE1DE018F600B5C75B /* AppDelegate.swift in Sources */,
				4C0016491E1C99470081C5E4 /* DetailPathViewController.swift in Sources */,
				4CCA2EF81E1E3DC600C61464 /* LocationSearchTable.swift in Sources */,
				1F21CF351E260AC7009A9767 /* MapViewController.swift.bak.swift in Sources */,
				4C8FCFE41DE02EF300B5C75B /* SettingViewController.swift in Sources */,
				4CF710431DE14D5100520864 /* uicolorExtend.swift in Sources */,
				4CF710391DE0CB3D00520864 /* goHomeAlarm.swift in Sources */,
				1F21CF371E262EEB009A9767 /* NewMapViewController.swift in Sources */,
				4CF710301DE08EEA00520864 /* MapViewController.swift in Sources */,
				4C8FCFB61DE018F600B5C75B /* Have_to_go_home.xcdatamodeld in Sources */,
				4CF7103F1DE1049300520864 /* FailViewController.swift in Sources */,
				4C89001B1E27577300B91B4A /* CardPathViewController.swift in Sources */,
			);
			runOnlyForDeploymentPostprocessing = 0;
		};
		4C8FCFBD1DE018F600B5C75B /* Sources */ = {
			isa = PBXSourcesBuildPhase;
			buildActionMask = 2147483647;
			files = (
				4C8FCFC61DE018F600B5C75B /* Have_to_go_homeTests.swift in Sources */,
			);
			runOnlyForDeploymentPostprocessing = 0;
		};
/* End PBXSourcesBuildPhase section */

/* Begin PBXTargetDependency section */
		4C8FCFC31DE018F600B5C75B /* PBXTargetDependency */ = {
			isa = PBXTargetDependency;
			target = 4C8FCFA91DE018F600B5C75B /* Have_to_go_home */;
			targetProxy = 4C8FCFC21DE018F600B5C75B /* PBXContainerItemProxy */;
		};
/* End PBXTargetDependency section */

/* Begin PBXVariantGroup section */
		4C8FCFB11DE018F600B5C75B /* Main.storyboard */ = {
			isa = PBXVariantGroup;
			children = (
				4C8FCFB21DE018F600B5C75B /* Base */,
			);
			name = Main.storyboard;
			sourceTree = "<group>";
		};
		4C8FCFB91DE018F600B5C75B /* LaunchScreen.storyboard */ = {
			isa = PBXVariantGroup;
			children = (
				4C8FCFBA1DE018F600B5C75B /* Base */,
			);
			name = LaunchScreen.storyboard;
			sourceTree = "<group>";
		};
/* End PBXVariantGroup section */

/* Begin XCBuildConfiguration section */
		4C8FCFC81DE018F600B5C75B /* Debug */ = {
			isa = XCBuildConfiguration;
			buildSettings = {
				ALWAYS_SEARCH_USER_PATHS = NO;
				CLANG_ANALYZER_NONNULL = YES;
				CLANG_CXX_LANGUAGE_STANDARD = "gnu++0x";
				CLANG_CXX_LIBRARY = "libc++";
				CLANG_ENABLE_MODULES = YES;
				CLANG_ENABLE_OBJC_ARC = YES;
				CLANG_WARN_BOOL_CONVERSION = YES;
				CLANG_WARN_CONSTANT_CONVERSION = YES;
				CLANG_WARN_DIRECT_OBJC_ISA_USAGE = YES_ERROR;
				CLANG_WARN_DOCUMENTATION_COMMENTS = YES;
				CLANG_WARN_EMPTY_BODY = YES;
				CLANG_WARN_ENUM_CONVERSION = YES;
				CLANG_WARN_INFINITE_RECURSION = YES;
				CLANG_WARN_INT_CONVERSION = YES;
				CLANG_WARN_OBJC_ROOT_CLASS = YES_ERROR;
				CLANG_WARN_SUSPICIOUS_MOVE = YES;
				CLANG_WARN_SUSPICIOUS_MOVES = YES;
				CLANG_WARN_UNREACHABLE_CODE = YES;
				CLANG_WARN__DUPLICATE_METHOD_MATCH = YES;
				"CODE_SIGN_IDENTITY[sdk=iphoneos*]" = "iPhone Developer";
				COPY_PHASE_STRIP = NO;
				DEBUG_INFORMATION_FORMAT = dwarf;
				ENABLE_STRICT_OBJC_MSGSEND = YES;
				ENABLE_TESTABILITY = YES;
				GCC_C_LANGUAGE_STANDARD = gnu99;
				GCC_DYNAMIC_NO_PIC = NO;
				GCC_NO_COMMON_BLOCKS = YES;
				GCC_OPTIMIZATION_LEVEL = 0;
				GCC_PREPROCESSOR_DEFINITIONS = (
					"DEBUG=1",
					"$(inherited)",
				);
				GCC_WARN_64_TO_32_BIT_CONVERSION = YES;
				GCC_WARN_ABOUT_RETURN_TYPE = YES_ERROR;
				GCC_WARN_UNDECLARED_SELECTOR = YES;
				GCC_WARN_UNINITIALIZED_AUTOS = YES_AGGRESSIVE;
				GCC_WARN_UNUSED_FUNCTION = YES;
				GCC_WARN_UNUSED_VARIABLE = YES;
				IPHONEOS_DEPLOYMENT_TARGET = 10.2;
				MTL_ENABLE_DEBUG_INFO = YES;
				ONLY_ACTIVE_ARCH = YES;
				SDKROOT = iphoneos;
				SWIFT_ACTIVE_COMPILATION_CONDITIONS = DEBUG;
				SWIFT_OPTIMIZATION_LEVEL = "-Onone";
			};
			name = Debug;
		};
		4C8FCFC91DE018F600B5C75B /* Release */ = {
			isa = XCBuildConfiguration;
			buildSettings = {
				ALWAYS_SEARCH_USER_PATHS = NO;
				CLANG_ANALYZER_NONNULL = YES;
				CLANG_CXX_LANGUAGE_STANDARD = "gnu++0x";
				CLANG_CXX_LIBRARY = "libc++";
				CLANG_ENABLE_MODULES = YES;
				CLANG_ENABLE_OBJC_ARC = YES;
				CLANG_WARN_BOOL_CONVERSION = YES;
				CLANG_WARN_CONSTANT_CONVERSION = YES;
				CLANG_WARN_DIRECT_OBJC_ISA_USAGE = YES_ERROR;
				CLANG_WARN_DOCUMENTATION_COMMENTS = YES;
				CLANG_WARN_EMPTY_BODY = YES;
				CLANG_WARN_ENUM_CONVERSION = YES;
				CLANG_WARN_INFINITE_RECURSION = YES;
				CLANG_WARN_INT_CONVERSION = YES;
				CLANG_WARN_OBJC_ROOT_CLASS = YES_ERROR;
				CLANG_WARN_SUSPICIOUS_MOVE = YES;
				CLANG_WARN_SUSPICIOUS_MOVES = YES;
				CLANG_WARN_UNREACHABLE_CODE = YES;
				CLANG_WARN__DUPLICATE_METHOD_MATCH = YES;
				"CODE_SIGN_IDENTITY[sdk=iphoneos*]" = "iPhone Developer";
				COPY_PHASE_STRIP = NO;
				DEBUG_INFORMATION_FORMAT = "dwarf-with-dsym";
				ENABLE_NS_ASSERTIONS = NO;
				ENABLE_STRICT_OBJC_MSGSEND = YES;
				GCC_C_LANGUAGE_STANDARD = gnu99;
				GCC_NO_COMMON_BLOCKS = YES;
				GCC_WARN_64_TO_32_BIT_CONVERSION = YES;
				GCC_WARN_ABOUT_RETURN_TYPE = YES_ERROR;
				GCC_WARN_UNDECLARED_SELECTOR = YES;
				GCC_WARN_UNINITIALIZED_AUTOS = YES_AGGRESSIVE;
				GCC_WARN_UNUSED_FUNCTION = YES;
				GCC_WARN_UNUSED_VARIABLE = YES;
				IPHONEOS_DEPLOYMENT_TARGET = 10.2;
				MTL_ENABLE_DEBUG_INFO = NO;
				SDKROOT = iphoneos;
				SWIFT_OPTIMIZATION_LEVEL = "-Owholemodule";
				VALIDATE_PRODUCT = YES;
			};
			name = Release;
		};
		4C8FCFCB1DE018F600B5C75B /* Debug */ = {
			isa = XCBuildConfiguration;
			baseConfigurationReference = 1F8C404A712EBDDF74D1D584 /* Pods-Have_to_go_home.debug.xcconfig */;
			buildSettings = {
				ASSETCATALOG_COMPILER_APPICON_NAME = AppIcon;
				ASSETCATALOG_COMPILER_LAUNCHIMAGE_NAME = LaunchImage;
				"CODE_SIGN_IDENTITY[sdk=iphoneos*]" = "iPhone Developer";
				DEVELOPMENT_TEAM = 2U8WP57VU8;
				INFOPLIST_FILE = Have_to_go_home/Info.plist;
				IPHONEOS_DEPLOYMENT_TARGET = 10.0;
				LD_RUNPATH_SEARCH_PATHS = "$(inherited) @executable_path/Frameworks";
				PRODUCT_BUNDLE_IDENTIFIER = "org.jwYoo.Have-to-go-home";
				PRODUCT_NAME = "$(TARGET_NAME)";
				SWIFT_VERSION = 3.0;
			};
			name = Debug;
		};
		4C8FCFCC1DE018F600B5C75B /* Release */ = {
			isa = XCBuildConfiguration;
			baseConfigurationReference = 897BA0BAF17A353CEF6705AB /* Pods-Have_to_go_home.release.xcconfig */;
			buildSettings = {
				ASSETCATALOG_COMPILER_APPICON_NAME = AppIcon;
				ASSETCATALOG_COMPILER_LAUNCHIMAGE_NAME = LaunchImage;
				"CODE_SIGN_IDENTITY[sdk=iphoneos*]" = "iPhone Developer";
				DEVELOPMENT_TEAM = 2U8WP57VU8;
				INFOPLIST_FILE = Have_to_go_home/Info.plist;
				IPHONEOS_DEPLOYMENT_TARGET = 10.0;
				LD_RUNPATH_SEARCH_PATHS = "$(inherited) @executable_path/Frameworks";
				PRODUCT_BUNDLE_IDENTIFIER = "org.jwYoo.Have-to-go-home";
				PRODUCT_NAME = "$(TARGET_NAME)";
				SWIFT_VERSION = 3.0;
			};
			name = Release;
		};
		4C8FCFCE1DE018F600B5C75B /* Debug */ = {
			isa = XCBuildConfiguration;
			buildSettings = {
				ALWAYS_EMBED_SWIFT_STANDARD_LIBRARIES = YES;
				BUNDLE_LOADER = "$(TEST_HOST)";
				INFOPLIST_FILE = Have_to_go_homeTests/Info.plist;
				LD_RUNPATH_SEARCH_PATHS = "$(inherited) @executable_path/Frameworks @loader_path/Frameworks";
				PRODUCT_BUNDLE_IDENTIFIER = "org.jwYoo.Have-to-go-homeTests";
				PRODUCT_NAME = "$(TARGET_NAME)";
				SWIFT_VERSION = 3.0;
				TEST_HOST = "$(BUILT_PRODUCTS_DIR)/Have_to_go_home.app/Have_to_go_home";
			};
			name = Debug;
		};
		4C8FCFCF1DE018F600B5C75B /* Release */ = {
			isa = XCBuildConfiguration;
			buildSettings = {
				ALWAYS_EMBED_SWIFT_STANDARD_LIBRARIES = YES;
				BUNDLE_LOADER = "$(TEST_HOST)";
				INFOPLIST_FILE = Have_to_go_homeTests/Info.plist;
				LD_RUNPATH_SEARCH_PATHS = "$(inherited) @executable_path/Frameworks @loader_path/Frameworks";
				PRODUCT_BUNDLE_IDENTIFIER = "org.jwYoo.Have-to-go-homeTests";
				PRODUCT_NAME = "$(TARGET_NAME)";
				SWIFT_VERSION = 3.0;
				TEST_HOST = "$(BUILT_PRODUCTS_DIR)/Have_to_go_home.app/Have_to_go_home";
			};
			name = Release;
		};
/* End XCBuildConfiguration section */

/* Begin XCConfigurationList section */
		4C8FCFA51DE018F600B5C75B /* Build configuration list for PBXProject "Have_to_go_home" */ = {
			isa = XCConfigurationList;
			buildConfigurations = (
				4C8FCFC81DE018F600B5C75B /* Debug */,
				4C8FCFC91DE018F600B5C75B /* Release */,
			);
			defaultConfigurationIsVisible = 0;
			defaultConfigurationName = Release;
		};
		4C8FCFCA1DE018F600B5C75B /* Build configuration list for PBXNativeTarget "Have_to_go_home" */ = {
			isa = XCConfigurationList;
			buildConfigurations = (
				4C8FCFCB1DE018F600B5C75B /* Debug */,
				4C8FCFCC1DE018F600B5C75B /* Release */,
			);
			defaultConfigurationIsVisible = 0;
			defaultConfigurationName = Release;
		};
		4C8FCFCD1DE018F600B5C75B /* Build configuration list for PBXNativeTarget "Have_to_go_homeTests" */ = {
			isa = XCConfigurationList;
			buildConfigurations = (
				4C8FCFCE1DE018F600B5C75B /* Debug */,
				4C8FCFCF1DE018F600B5C75B /* Release */,
			);
			defaultConfigurationIsVisible = 0;
			defaultConfigurationName = Release;
		};
/* End XCConfigurationList section */

/* Begin XCVersionGroup section */
		4C8FCFB41DE018F600B5C75B /* Have_to_go_home.xcdatamodeld */ = {
			isa = XCVersionGroup;
			children = (
				4C8FCFB51DE018F600B5C75B /* Have_to_go_home.xcdatamodel */,
			);
			currentVersion = 4C8FCFB51DE018F600B5C75B /* Have_to_go_home.xcdatamodel */;
			path = Have_to_go_home.xcdatamodeld;
			sourceTree = "<group>";
			versionGroupType = wrapper.xcdatamodel;
		};
/* End XCVersionGroup section */
	};
	rootObject = 4C8FCFA21DE018F600B5C75B /* Project object */;
}
