// !$*UTF8*$!
{
	archiveVersion = 1;
	classes = {
	};
	objectVersion = 46;
	objects = {

/* Begin PBXBuildFile section */
		4C8FCFAE1DE018F600B5C75B /* AppDelegate.swift in Sources */ = {isa = PBXBuildFile; fileRef = 4C8FCFAD1DE018F600B5C75B /* AppDelegate.swift */; };
		4C8FCFB01DE018F600B5C75B /* MainViewController.swift in Sources */ = {isa = PBXBuildFile; fileRef = 4C8FCFAF1DE018F600B5C75B /* MainViewController.swift */; };
		4C8FCFB31DE018F600B5C75B /* Main.storyboard in Resources */ = {isa = PBXBuildFile; fileRef = 4C8FCFB11DE018F600B5C75B /* Main.storyboard */; };
		4C8FCFB61DE018F600B5C75B /* Have_to_go_home.xcdatamodeld in Sources */ = {isa = PBXBuildFile; fileRef = 4C8FCFB41DE018F600B5C75B /* Have_to_go_home.xcdatamodeld */; };
		4C8FCFB81DE018F600B5C75B /* Assets.xcassets in Resources */ = {isa = PBXBuildFile; fileRef = 4C8FCFB71DE018F600B5C75B /* Assets.xcassets */; };
		4C8FCFBB1DE018F600B5C75B /* LaunchScreen.storyboard in Resources */ = {isa = PBXBuildFile; fileRef = 4C8FCFB91DE018F600B5C75B /* LaunchScreen.storyboard */; };
		4C8FCFC61DE018F600B5C75B /* Have_to_go_homeTests.swift in Sources */ = {isa = PBXBuildFile; fileRef = 4C8FCFC51DE018F600B5C75B /* Have_to_go_homeTests.swift */; };
		4C8FCFE41DE02EF300B5C75B /* SettingViewController.swift in Sources */ = {isa = PBXBuildFile; fileRef = 4C8FCFE31DE02EF300B5C75B /* SettingViewController.swift */; };
		4CF710301DE08EEA00520864 /* MapViewController.swift in Sources */ = {isa = PBXBuildFile; fileRef = 4CF7102F1DE08EEA00520864 /* MapViewController.swift */; };
		4CF710321DE08F0500520864 /* LimitTimeSettingViewController.swift in Sources */ = {isa = PBXBuildFile; fileRef = 4CF710311DE08F0500520864 /* LimitTimeSettingViewController.swift */; };
		4CF710341DE09F0600520864 /* DrawMainGraphic.swift in Sources */ = {isa = PBXBuildFile; fileRef = 4CF710331DE09F0600520864 /* DrawMainGraphic.swift */; };
		4CF710361DE0C6DC00520864 /* MapPathViewController.swift in Sources */ = {isa = PBXBuildFile; fileRef = 4CF710351DE0C6DC00520864 /* MapPathViewController.swift */; };
		4CF710391DE0CB3D00520864 /* goHomeAlarm.swift in Sources */ = {isa = PBXBuildFile; fileRef = 4CF710371DE0CB3D00520864 /* goHomeAlarm.swift */; };
		4CF7103A1DE0CB3D00520864 /* loadToHomeParser.swift in Sources */ = {isa = PBXBuildFile; fileRef = 4CF710381DE0CB3D00520864 /* loadToHomeParser.swift */; };
		4CF7103D1DE0D51200520864 /* CoreLocation.framework in Frameworks */ = {isa = PBXBuildFile; fileRef = 4CF7103C1DE0D51200520864 /* CoreLocation.framework */; };
/* End PBXBuildFile section */

/* Begin PBXContainerItemProxy section */
		4C8FCFC21DE018F600B5C75B /* PBXContainerItemProxy */ = {
			isa = PBXContainerItemProxy;
			containerPortal = 4C8FCFA21DE018F600B5C75B /* Project object */;
			proxyType = 1;
			remoteGlobalIDString = 4C8FCFA91DE018F600B5C75B;
			remoteInfo = Have_to_go_home;
		};
/* End PBXContainerItemProxy section */

/* Begin PBXFileReference section */
		4C8FCFAA1DE018F600B5C75B /* Have_to_go_home.app */ = {isa = PBXFileReference; explicitFileType = wrapper.application; includeInIndex = 0; path = Have_to_go_home.app; sourceTree = BUILT_PRODUCTS_DIR; };
		4C8FCFAD1DE018F600B5C75B /* AppDelegate.swift */ = {isa = PBXFileReference; lastKnownFileType = sourcecode.swift; path = AppDelegate.swift; sourceTree = "<group>"; };
		4C8FCFAF1DE018F600B5C75B /* MainViewController.swift */ = {isa = PBXFileReference; lastKnownFileType = sourcecode.swift; path = MainViewController.swift; sourceTree = "<group>"; };
		4C8FCFB21DE018F600B5C75B /* Base */ = {isa = PBXFileReference; lastKnownFileType = file.storyboard; name = Base; path = Base.lproj/Main.storyboard; sourceTree = "<group>"; };
		4C8FCFB51DE018F600B5C75B /* Have_to_go_home.xcdatamodel */ = {isa = PBXFileReference; lastKnownFileType = wrapper.xcdatamodel; path = Have_to_go_home.xcdatamodel; sourceTree = "<group>"; };
		4C8FCFB71DE018F600B5C75B /* Assets.xcassets */ = {isa = PBXFileReference; lastKnownFileType = folder.assetcatalog; path = Assets.xcassets; sourceTree = "<group>"; };
		4C8FCFBA1DE018F600B5C75B /* Base */ = {isa = PBXFileReference; lastKnownFileType = file.storyboard; name = Base; path = Base.lproj/LaunchScreen.storyboard; sourceTree = "<group>"; };
		4C8FCFBC1DE018F600B5C75B /* Info.plist */ = {isa = PBXFileReference; lastKnownFileType = text.plist.xml; path = Info.plist; sourceTree = "<group>"; };
		4C8FCFC11DE018F600B5C75B /* Have_to_go_homeTests.xctest */ = {isa = PBXFileReference; explicitFileType = wrapper.cfbundle; includeInIndex = 0; path = Have_to_go_homeTests.xctest; sourceTree = BUILT_PRODUCTS_DIR; };
		4C8FCFC51DE018F600B5C75B /* Have_to_go_homeTests.swift */ = {isa = PBXFileReference; lastKnownFileType = sourcecode.swift; path = Have_to_go_homeTests.swift; sourceTree = "<group>"; };
		4C8FCFC71DE018F600B5C75B /* Info.plist */ = {isa = PBXFileReference; lastKnownFileType = text.plist.xml; path = Info.plist; sourceTree = "<group>"; };
		4C8FCFE31DE02EF300B5C75B /* SettingViewController.swift */ = {isa = PBXFileReference; fileEncoding = 4; lastKnownFileType = sourcecode.swift; path = SettingViewController.swift; sourceTree = "<group>"; };
		4CF7102F1DE08EEA00520864 /* MapViewController.swift */ = {isa = PBXFileReference; fileEncoding = 4; lastKnownFileType = sourcecode.swift; path = MapViewController.swift; sourceTree = "<group>"; };
		4CF710311DE08F0500520864 /* LimitTimeSettingViewController.swift */ = {isa = PBXFileReference; fileEncoding = 4; lastKnownFileType = sourcecode.swift; path = LimitTimeSettingViewController.swift; sourceTree = "<group>"; };
		4CF710331DE09F0600520864 /* DrawMainGraphic.swift */ = {isa = PBXFileReference; fileEncoding = 4; lastKnownFileType = sourcecode.swift; path = DrawMainGraphic.swift; sourceTree = "<group>"; };
		4CF710351DE0C6DC00520864 /* MapPathViewController.swift */ = {isa = PBXFileReference; fileEncoding = 4; lastKnownFileType = sourcecode.swift; path = MapPathViewController.swift; sourceTree = "<group>"; };
		4CF710371DE0CB3D00520864 /* goHomeAlarm.swift */ = {isa = PBXFileReference; fileEncoding = 4; lastKnownFileType = sourcecode.swift; path = goHomeAlarm.swift; sourceTree = "<group>"; };
		4CF710381DE0CB3D00520864 /* loadToHomeParser.swift */ = {isa = PBXFileReference; fileEncoding = 4; lastKnownFileType = sourcecode.swift; path = loadToHomeParser.swift; sourceTree = "<group>"; };
		4CF7103C1DE0D51200520864 /* CoreLocation.framework */ = {isa = PBXFileReference; lastKnownFileType = wrapper.framework; name = CoreLocation.framework; path = System/Library/Frameworks/CoreLocation.framework; sourceTree = SDKROOT; };
/* End PBXFileReference section */

/* Begin PBXFrameworksBuildPhase section */
		4C8FCFA71DE018F600B5C75B /* Frameworks */ = {
			isa = PBXFrameworksBuildPhase;
			buildActionMask = 2147483647;
			files = (
				4CF7103D1DE0D51200520864 /* CoreLocation.framework in Frameworks */,
			);
			runOnlyForDeploymentPostprocessing = 0;
		};
		4C8FCFBE1DE018F600B5C75B /* Frameworks */ = {
			isa = PBXFrameworksBuildPhase;
			buildActionMask = 2147483647;
			files = (
			);
			runOnlyForDeploymentPostprocessing = 0;
		};
/* End PBXFrameworksBuildPhase section */

/* Begin PBXGroup section */
		4C8FCFA11DE018F600B5C75B = {
			isa = PBXGroup;
			children = (
				4C8FCFAC1DE018F600B5C75B /* Have_to_go_home */,
				4C8FCFC41DE018F600B5C75B /* Have_to_go_homeTests */,
				4C8FCFAB1DE018F600B5C75B /* Products */,
				4CF7103B1DE0D51200520864 /* Frameworks */,
			);
			sourceTree = "<group>";
		};
		4C8FCFAB1DE018F600B5C75B /* Products */ = {
			isa = PBXGroup;
			children = (
				4C8FCFAA1DE018F600B5C75B /* Have_to_go_home.app */,
				4C8FCFC11DE018F600B5C75B /* Have_to_go_homeTests.xctest */,
			);
			name = Products;
			sourceTree = "<group>";
		};
		4C8FCFAC1DE018F600B5C75B /* Have_to_go_home */ = {
			isa = PBXGroup;
			children = (
				4C8FCFD51DE01C0100B5C75B /* ServiceImpl */,
				4C8FCFD41DE01BFB00B5C75B /* Service */,
				4C8FCFD31DE01BF400B5C75B /* Model */,
				4C8FCFD11DE01BE400B5C75B /* Controller */,
				4C8FCFAD1DE018F600B5C75B /* AppDelegate.swift */,
				4C8FCFB11DE018F600B5C75B /* Main.storyboard */,
				4C8FCFB71DE018F600B5C75B /* Assets.xcassets */,
				4C8FCFB91DE018F600B5C75B /* LaunchScreen.storyboard */,
				4C8FCFBC1DE018F600B5C75B /* Info.plist */,
				4C8FCFB41DE018F600B5C75B /* Have_to_go_home.xcdatamodeld */,
			);
			path = Have_to_go_home;
			sourceTree = "<group>";
		};
		4C8FCFC41DE018F600B5C75B /* Have_to_go_homeTests */ = {
			isa = PBXGroup;
			children = (
				4C8FCFC51DE018F600B5C75B /* Have_to_go_homeTests.swift */,
				4C8FCFC71DE018F600B5C75B /* Info.plist */,
			);
			path = Have_to_go_homeTests;
			sourceTree = "<group>";
		};
		4C8FCFD11DE01BE400B5C75B /* Controller */ = {
			isa = PBXGroup;
			children = (
				4C8FCFAF1DE018F600B5C75B /* MainViewController.swift */,
				4C8FCFE31DE02EF300B5C75B /* SettingViewController.swift */,
				4CF7102F1DE08EEA00520864 /* MapViewController.swift */,
				4CF710311DE08F0500520864 /* LimitTimeSettingViewController.swift */,
				4CF710351DE0C6DC00520864 /* MapPathViewController.swift */,
			);
			name = Controller;
			sourceTree = "<group>";
		};
		4C8FCFD31DE01BF400B5C75B /* Model */ = {
			isa = PBXGroup;
			children = (
				4CF710371DE0CB3D00520864 /* goHomeAlarm.swift */,
				4CF710381DE0CB3D00520864 /* loadToHomeParser.swift */,
			);
			name = Model;
			sourceTree = "<group>";
		};
		4C8FCFD41DE01BFB00B5C75B /* Service */ = {
			isa = PBXGroup;
			children = (
				4CF710331DE09F0600520864 /* DrawMainGraphic.swift */,
			);
			name = Service;
			sourceTree = "<group>";
		};
		4C8FCFD51DE01C0100B5C75B /* ServiceImpl */ = {
			isa = PBXGroup;
			children = (
			);
			name = ServiceImpl;
			sourceTree = "<group>";
		};
		4CF7103B1DE0D51200520864 /* Frameworks */ = {
			isa = PBXGroup;
			children = (
				4CF7103C1DE0D51200520864 /* CoreLocation.framework */,
			);
			name = Frameworks;
			sourceTree = "<group>";
		};
/* End PBXGroup section */

/* Begin PBXNativeTarget section */
		4C8FCFA91DE018F600B5C75B /* Have_to_go_home */ = {
			isa = PBXNativeTarget;
			buildConfigurationList = 4C8FCFCA1DE018F600B5C75B /* Build configuration list for PBXNativeTarget "Have_to_go_home" */;
			buildPhases = (
				4C8FCFA61DE018F600B5C75B /* Sources */,
				4C8FCFA71DE018F600B5C75B /* Frameworks */,
				4C8FCFA81DE018F600B5C75B /* Resources */,
			);
			buildRules = (
			);
			dependencies = (
			);
			name = Have_to_go_home;
			productName = Have_to_go_home;
			productReference = 4C8FCFAA1DE018F600B5C75B /* Have_to_go_home.app */;
			productType = "com.apple.product-type.application";
		};
		4C8FCFC01DE018F600B5C75B /* Have_to_go_homeTests */ = {
			isa = PBXNativeTarget;
			buildConfigurationList = 4C8FCFCD1DE018F600B5C75B /* Build configuration list for PBXNativeTarget "Have_to_go_homeTests" */;
			buildPhases = (
				4C8FCFBD1DE018F600B5C75B /* Sources */,
				4C8FCFBE1DE018F600B5C75B /* Frameworks */,
				4C8FCFBF1DE018F600B5C75B /* Resources */,
			);
			buildRules = (
			);
			dependencies = (
				4C8FCFC31DE018F600B5C75B /* PBXTargetDependency */,
			);
			name = Have_to_go_homeTests;
			productName = Have_to_go_homeTests;
			productReference = 4C8FCFC11DE018F600B5C75B /* Have_to_go_homeTests.xctest */;
			productType = "com.apple.product-type.bundle.unit-test";
		};
/* End PBXNativeTarget section */

/* Begin PBXProject section */
		4C8FCFA21DE018F600B5C75B /* Project object */ = {
			isa = PBXProject;
			attributes = {
				LastSwiftUpdateCheck = 0810;
				LastUpgradeCheck = 0810;
				ORGANIZATIONNAME = "유정우";
				TargetAttributes = {
					4C8FCFA91DE018F600B5C75B = {
						CreatedOnToolsVersion = 8.1;
						DevelopmentTeam = 2U8WP57VU8;
						ProvisioningStyle = Automatic;
					};
					4C8FCFC01DE018F600B5C75B = {
						CreatedOnToolsVersion = 8.1;
						ProvisioningStyle = Automatic;
						TestTargetID = 4C8FCFA91DE018F600B5C75B;
					};
				};
			};
			buildConfigurationList = 4C8FCFA51DE018F600B5C75B /* Build configuration list for PBXProject "Have_to_go_home" */;
			compatibilityVersion = "Xcode 3.2";
			developmentRegion = English;
			hasScannedForEncodings = 0;
			knownRegions = (
				en,
				Base,
			);
			mainGroup = 4C8FCFA11DE018F600B5C75B;
			productRefGroup = 4C8FCFAB1DE018F600B5C75B /* Products */;
			projectDirPath = "";
			projectRoot = "";
			targets = (
				4C8FCFA91DE018F600B5C75B /* Have_to_go_home */,
				4C8FCFC01DE018F600B5C75B /* Have_to_go_homeTests */,
			);
		};
/* End PBXProject section */

/* Begin PBXResourcesBuildPhase section */
		4C8FCFA81DE018F600B5C75B /* Resources */ = {
			isa = PBXResourcesBuildPhase;
			buildActionMask = 2147483647;
			files = (
				4C8FCFBB1DE018F600B5C75B /* LaunchScreen.storyboard in Resources */,
				4C8FCFB81DE018F600B5C75B /* Assets.xcassets in Resources */,
				4C8FCFB31DE018F600B5C75B /* Main.storyboard in Resources */,
			);
			runOnlyForDeploymentPostprocessing = 0;
		};
		4C8FCFBF1DE018F600B5C75B /* Resources */ = {
			isa = PBXResourcesBuildPhase;
			buildActionMask = 2147483647;
			files = (
			);
			runOnlyForDeploymentPostprocessing = 0;
		};
/* End PBXResourcesBuildPhase section */

/* Begin PBXSourcesBuildPhase section */
		4C8FCFA61DE018F600B5C75B /* Sources */ = {
			isa = PBXSourcesBuildPhase;
			buildActionMask = 2147483647;
			files = (
				4CF7103A1DE0CB3D00520864 /* loadToHomeParser.swift in Sources */,
				4CF710361DE0C6DC00520864 /* MapPathViewController.swift in Sources */,
				4CF710341DE09F0600520864 /* DrawMainGraphic.swift in Sources */,
				4CF710321DE08F0500520864 /* LimitTimeSettingViewController.swift in Sources */,
				4C8FCFB01DE018F600B5C75B /* MainViewController.swift in Sources */,
				4C8FCFAE1DE018F600B5C75B /* AppDelegate.swift in Sources */,
				4C8FCFE41DE02EF300B5C75B /* SettingViewController.swift in Sources */,
				4CF710391DE0CB3D00520864 /* goHomeAlarm.swift in Sources */,
				4CF710301DE08EEA00520864 /* MapViewController.swift in Sources */,
				4C8FCFB61DE018F600B5C75B /* Have_to_go_home.xcdatamodeld in Sources */,
			);
			runOnlyForDeploymentPostprocessing = 0;
		};
		4C8FCFBD1DE018F600B5C75B /* Sources */ = {
			isa = PBXSourcesBuildPhase;
			buildActionMask = 2147483647;
			files = (
				4C8FCFC61DE018F600B5C75B /* Have_to_go_homeTests.swift in Sources */,
			);
			runOnlyForDeploymentPostprocessing = 0;
		};
/* End PBXSourcesBuildPhase section */

/* Begin PBXTargetDependency section */
		4C8FCFC31DE018F600B5C75B /* PBXTargetDependency */ = {
			isa = PBXTargetDependency;
			target = 4C8FCFA91DE018F600B5C75B /* Have_to_go_home */;
			targetProxy = 4C8FCFC21DE018F600B5C75B /* PBXContainerItemProxy */;
		};
/* End PBXTargetDependency section */

/* Begin PBXVariantGroup section */
		4C8FCFB11DE018F600B5C75B /* Main.storyboard */ = {
			isa = PBXVariantGroup;
			children = (
				4C8FCFB21DE018F600B5C75B /* Base */,
			);
			name = Main.storyboard;
			sourceTree = "<group>";
		};
		4C8FCFB91DE018F600B5C75B /* LaunchScreen.storyboard */ = {
			isa = PBXVariantGroup;
			children = (
				4C8FCFBA1DE018F600B5C75B /* Base */,
			);
			name = LaunchScreen.storyboard;
			sourceTree = "<group>";
		};
/* End PBXVariantGroup section */

/* Begin XCBuildConfiguration section */
		4C8FCFC81DE018F600B5C75B /* Debug */ = {
			isa = XCBuildConfiguration;
			buildSettings = {
				ALWAYS_SEARCH_USER_PATHS = NO;
				CLANG_ANALYZER_NONNULL = YES;
				CLANG_CXX_LANGUAGE_STANDARD = "gnu++0x";
				CLANG_CXX_LIBRARY = "libc++";
				CLANG_ENABLE_MODULES = YES;
				CLANG_ENABLE_OBJC_ARC = YES;
				CLANG_WARN_BOOL_CONVERSION = YES;
				CLANG_WARN_CONSTANT_CONVERSION = YES;
				CLANG_WARN_DIRECT_OBJC_ISA_USAGE = YES_ERROR;
				CLANG_WARN_DOCUMENTATION_COMMENTS = YES;
				CLANG_WARN_EMPTY_BODY = YES;
				CLANG_WARN_ENUM_CONVERSION = YES;
				CLANG_WARN_INFINITE_RECURSION = YES;
				CLANG_WARN_INT_CONVERSION = YES;
				CLANG_WARN_OBJC_ROOT_CLASS = YES_ERROR;
				CLANG_WARN_SUSPICIOUS_MOVES = YES;
				CLANG_WARN_UNREACHABLE_CODE = YES;
				CLANG_WARN__DUPLICATE_METHOD_MATCH = YES;
				"CODE_SIGN_IDENTITY[sdk=iphoneos*]" = "iPhone Developer";
				COPY_PHASE_STRIP = NO;
				DEBUG_INFORMATION_FORMAT = dwarf;
				ENABLE_STRICT_OBJC_MSGSEND = YES;
				ENABLE_TESTABILITY = YES;
				GCC_C_LANGUAGE_STANDARD = gnu99;
				GCC_DYNAMIC_NO_PIC = NO;
				GCC_NO_COMMON_BLOCKS = YES;
				GCC_OPTIMIZATION_LEVEL = 0;
				GCC_PREPROCESSOR_DEFINITIONS = (
					"DEBUG=1",
					"$(inherited)",
				);
				GCC_WARN_64_TO_32_BIT_CONVERSION = YES;
				GCC_WARN_ABOUT_RETURN_TYPE = YES_ERROR;
				GCC_WARN_UNDECLARED_SELECTOR = YES;
				GCC_WARN_UNINITIALIZED_AUTOS = YES_AGGRESSIVE;
				GCC_WARN_UNUSED_FUNCTION = YES;
				GCC_WARN_UNUSED_VARIABLE = YES;
				IPHONEOS_DEPLOYMENT_TARGET = 10.1;
				MTL_ENABLE_DEBUG_INFO = YES;
				ONLY_ACTIVE_ARCH = YES;
				SDKROOT = iphoneos;
				SWIFT_ACTIVE_COMPILATION_CONDITIONS = DEBUG;
				SWIFT_OPTIMIZATION_LEVEL = "-Onone";
			};
			name = Debug;
		};
		4C8FCFC91DE018F600B5C75B /* Release */ = {
			isa = XCBuildConfiguration;
			buildSettings = {
				ALWAYS_SEARCH_USER_PATHS = NO;
				CLANG_ANALYZER_NONNULL = YES;
				CLANG_CXX_LANGUAGE_STANDARD = "gnu++0x";
				CLANG_CXX_LIBRARY = "libc++";
				CLANG_ENABLE_MODULES = YES;
				CLANG_ENABLE_OBJC_ARC = YES;
				CLANG_WARN_BOOL_CONVERSION = YES;
				CLANG_WARN_CONSTANT_CONVERSION = YES;
				CLANG_WARN_DIRECT_OBJC_ISA_USAGE = YES_ERROR;
				CLANG_WARN_DOCUMENTATION_COMMENTS = YES;
				CLANG_WARN_EMPTY_BODY = YES;
				CLANG_WARN_ENUM_CONVERSION = YES;
				CLANG_WARN_INFINITE_RECURSION = YES;
				CLANG_WARN_INT_CONVERSION = YES;
				CLANG_WARN_OBJC_ROOT_CLASS = YES_ERROR;
				CLANG_WARN_SUSPICIOUS_MOVES = YES;
				CLANG_WARN_UNREACHABLE_CODE = YES;
				CLANG_WARN__DUPLICATE_METHOD_MATCH = YES;
				"CODE_SIGN_IDENTITY[sdk=iphoneos*]" = "iPhone Developer";
				COPY_PHASE_STRIP = NO;
				DEBUG_INFORMATION_FORMAT = "dwarf-with-dsym";
				ENABLE_NS_ASSERTIONS = NO;
				ENABLE_STRICT_OBJC_MSGSEND = YES;
				GCC_C_LANGUAGE_STANDARD = gnu99;
				GCC_NO_COMMON_BLOCKS = YES;
				GCC_WARN_64_TO_32_BIT_CONVERSION = YES;
				GCC_WARN_ABOUT_RETURN_TYPE = YES_ERROR;
				GCC_WARN_UNDECLARED_SELECTOR = YES;
				GCC_WARN_UNINITIALIZED_AUTOS = YES_AGGRESSIVE;
				GCC_WARN_UNUSED_FUNCTION = YES;
				GCC_WARN_UNUSED_VARIABLE = YES;
				IPHONEOS_DEPLOYMENT_TARGET = 10.1;
				MTL_ENABLE_DEBUG_INFO = NO;
				SDKROOT = iphoneos;
				SWIFT_OPTIMIZATION_LEVEL = "-Owholemodule";
				VALIDATE_PRODUCT = YES;
			};
			name = Release;
		};
		4C8FCFCB1DE018F600B5C75B /* Debug */ = {
			isa = XCBuildConfiguration;
			buildSettings = {
				ASSETCATALOG_COMPILER_APPICON_NAME = AppIcon;
				ASSETCATALOG_COMPILER_LAUNCHIMAGE_NAME = LaunchImage;
				"CODE_SIGN_IDENTITY[sdk=iphoneos*]" = "iPhone Developer";
				DEVELOPMENT_TEAM = 2U8WP57VU8;
				INFOPLIST_FILE = Have_to_go_home/Info.plist;
				IPHONEOS_DEPLOYMENT_TARGET = 10.0;
				LD_RUNPATH_SEARCH_PATHS = "$(inherited) @executable_path/Frameworks";
				PRODUCT_BUNDLE_IDENTIFIER = "org.jwYoo.Have-to-go-home";
				PRODUCT_NAME = "$(TARGET_NAME)";
				SWIFT_VERSION = 3.0;
			};
			name = Debug;
		};
		4C8FCFCC1DE018F600B5C75B /* Release */ = {
			isa = XCBuildConfiguration;
			buildSettings = {
				ASSETCATALOG_COMPILER_APPICON_NAME = AppIcon;
				ASSETCATALOG_COMPILER_LAUNCHIMAGE_NAME = LaunchImage;
				"CODE_SIGN_IDENTITY[sdk=iphoneos*]" = "iPhone Developer";
				DEVELOPMENT_TEAM = 2U8WP57VU8;
				INFOPLIST_FILE = Have_to_go_home/Info.plist;
				IPHONEOS_DEPLOYMENT_TARGET = 10.0;
				LD_RUNPATH_SEARCH_PATHS = "$(inherited) @executable_path/Frameworks";
				PRODUCT_BUNDLE_IDENTIFIER = "org.jwYoo.Have-to-go-home";
				PRODUCT_NAME = "$(TARGET_NAME)";
				SWIFT_VERSION = 3.0;
			};
			name = Release;
		};
		4C8FCFCE1DE018F600B5C75B /* Debug */ = {
			isa = XCBuildConfiguration;
			buildSettings = {
				ALWAYS_EMBED_SWIFT_STANDARD_LIBRARIES = YES;
				BUNDLE_LOADER = "$(TEST_HOST)";
				INFOPLIST_FILE = Have_to_go_homeTests/Info.plist;
				LD_RUNPATH_SEARCH_PATHS = "$(inherited) @executable_path/Frameworks @loader_path/Frameworks";
				PRODUCT_BUNDLE_IDENTIFIER = "org.jwYoo.Have-to-go-homeTests";
				PRODUCT_NAME = "$(TARGET_NAME)";
				SWIFT_VERSION = 3.0;
				TEST_HOST = "$(BUILT_PRODUCTS_DIR)/Have_to_go_home.app/Have_to_go_home";
			};
			name = Debug;
		};
		4C8FCFCF1DE018F600B5C75B /* Release */ = {
			isa = XCBuildConfiguration;
			buildSettings = {
				ALWAYS_EMBED_SWIFT_STANDARD_LIBRARIES = YES;
				BUNDLE_LOADER = "$(TEST_HOST)";
				INFOPLIST_FILE = Have_to_go_homeTests/Info.plist;
				LD_RUNPATH_SEARCH_PATHS = "$(inherited) @executable_path/Frameworks @loader_path/Frameworks";
				PRODUCT_BUNDLE_IDENTIFIER = "org.jwYoo.Have-to-go-homeTests";
				PRODUCT_NAME = "$(TARGET_NAME)";
				SWIFT_VERSION = 3.0;
				TEST_HOST = "$(BUILT_PRODUCTS_DIR)/Have_to_go_home.app/Have_to_go_home";
			};
			name = Release;
		};
/* End XCBuildConfiguration section */

/* Begin XCConfigurationList section */
		4C8FCFA51DE018F600B5C75B /* Build configuration list for PBXProject "Have_to_go_home" */ = {
			isa = XCConfigurationList;
			buildConfigurations = (
				4C8FCFC81DE018F600B5C75B /* Debug */,
				4C8FCFC91DE018F600B5C75B /* Release */,
			);
			defaultConfigurationIsVisible = 0;
			defaultConfigurationName = Release;
		};
		4C8FCFCA1DE018F600B5C75B /* Build configuration list for PBXNativeTarget "Have_to_go_home" */ = {
			isa = XCConfigurationList;
			buildConfigurations = (
				4C8FCFCB1DE018F600B5C75B /* Debug */,
				4C8FCFCC1DE018F600B5C75B /* Release */,
			);
			defaultConfigurationIsVisible = 0;
			defaultConfigurationName = Release;
		};
		4C8FCFCD1DE018F600B5C75B /* Build configuration list for PBXNativeTarget "Have_to_go_homeTests" */ = {
			isa = XCConfigurationList;
			buildConfigurations = (
				4C8FCFCE1DE018F600B5C75B /* Debug */,
				4C8FCFCF1DE018F600B5C75B /* Release */,
			);
			defaultConfigurationIsVisible = 0;
			defaultConfigurationName = Release;
		};
/* End XCConfigurationList section */

/* Begin XCVersionGroup section */
		4C8FCFB41DE018F600B5C75B /* Have_to_go_home.xcdatamodeld */ = {
			isa = XCVersionGroup;
			children = (
				4C8FCFB51DE018F600B5C75B /* Have_to_go_home.xcdatamodel */,
			);
			currentVersion = 4C8FCFB51DE018F600B5C75B /* Have_to_go_home.xcdatamodel */;
			path = Have_to_go_home.xcdatamodeld;
			sourceTree = "<group>";
			versionGroupType = wrapper.xcdatamodel;
		};
/* End XCVersionGroup section */
	};
	rootObject = 4C8FCFA21DE018F600B5C75B /* Project object */;
}
